// !$*UTF8*$!
{
	archiveVersion = 1;
	classes = {
	};
	objectVersion = 55;
	objects = {

/* Begin PBXBuildFile section */
		C315F5D027A66F51005C1E61 /* SearchBarView.swift in Sources */ = {isa = PBXBuildFile; fileRef = C315F5CF27A66F51005C1E61 /* SearchBarView.swift */; };
		C315F5D327A6724F005C1E61 /* UIApplicationExtension.swift in Sources */ = {isa = PBXBuildFile; fileRef = C315F5D227A6724F005C1E61 /* UIApplicationExtension.swift */; };
		C315F5D627A673E1005C1E61 /* FirebaseAuth in Frameworks */ = {isa = PBXBuildFile; productRef = C315F5D527A673E1005C1E61 /* FirebaseAuth */; };
		C315F5D827A673E1005C1E61 /* FirebaseDatabase in Frameworks */ = {isa = PBXBuildFile; productRef = C315F5D727A673E1005C1E61 /* FirebaseDatabase */; };
		C315F5DA27A673E1005C1E61 /* FirebaseDatabaseSwift-Beta in Frameworks */ = {isa = PBXBuildFile; productRef = C315F5D927A673E1005C1E61 /* FirebaseDatabaseSwift-Beta */; };
		C315F5DC27A673E1005C1E61 /* FirebaseStorage in Frameworks */ = {isa = PBXBuildFile; productRef = C315F5DB27A673E1005C1E61 /* FirebaseStorage */; };
		C315F5DE27A673E1005C1E61 /* FirebaseStorageSwift-Beta in Frameworks */ = {isa = PBXBuildFile; productRef = C315F5DD27A673E1005C1E61 /* FirebaseStorageSwift-Beta */; };
		C315F5E027A67549005C1E61 /* UserListView.swift in Sources */ = {isa = PBXBuildFile; fileRef = C315F5DF27A67549005C1E61 /* UserListView.swift */; };
		C315F5E227A67581005C1E61 /* UserCellView.swift in Sources */ = {isa = PBXBuildFile; fileRef = C315F5E127A67581005C1E61 /* UserCellView.swift */; };
		C315F5E427A67836005C1E61 /* NotificationCellView.swift in Sources */ = {isa = PBXBuildFile; fileRef = C315F5E327A67836005C1E61 /* NotificationCellView.swift */; };
		C315F5E827A68CA8005C1E61 /* ImagePicker.swift in Sources */ = {isa = PBXBuildFile; fileRef = C315F5E727A68CA8005C1E61 /* ImagePicker.swift */; };
		C31E166927A3AB42009C2F98 /* InstagramCloneApp.swift in Sources */ = {isa = PBXBuildFile; fileRef = C31E166827A3AB42009C2F98 /* InstagramCloneApp.swift */; };
		C31E166B27A3AB42009C2F98 /* ContentView.swift in Sources */ = {isa = PBXBuildFile; fileRef = C31E166A27A3AB42009C2F98 /* ContentView.swift */; };
		C31E166D27A3AB44009C2F98 /* Assets.xcassets in Resources */ = {isa = PBXBuildFile; fileRef = C31E166C27A3AB44009C2F98 /* Assets.xcassets */; };
		C31E167027A3AB44009C2F98 /* Preview Assets.xcassets in Resources */ = {isa = PBXBuildFile; fileRef = C31E166F27A3AB44009C2F98 /* Preview Assets.xcassets */; };
		C31E167A27A3AB44009C2F98 /* InstagramCloneTests.swift in Sources */ = {isa = PBXBuildFile; fileRef = C31E167927A3AB44009C2F98 /* InstagramCloneTests.swift */; };
		C31E168427A3AB44009C2F98 /* InstagramCloneUITests.swift in Sources */ = {isa = PBXBuildFile; fileRef = C31E168327A3AB44009C2F98 /* InstagramCloneUITests.swift */; };
		C31E168627A3AB44009C2F98 /* InstagramCloneUITestsLaunchTests.swift in Sources */ = {isa = PBXBuildFile; fileRef = C31E168527A3AB44009C2F98 /* InstagramCloneUITestsLaunchTests.swift */; };
		C31E16B927A3EEFD009C2F98 /* Kingfisher in Frameworks */ = {isa = PBXBuildFile; productRef = C31E16B827A3EEFD009C2F98 /* Kingfisher */; };
		C31E16BC27A3EF3D009C2F98 /* Alamofire in Frameworks */ = {isa = PBXBuildFile; productRef = C31E16BB27A3EF3D009C2F98 /* Alamofire */; };
		C31E16BE27A3F028009C2F98 /* MainView.swift in Sources */ = {isa = PBXBuildFile; fileRef = C31E16BD27A3F028009C2F98 /* MainView.swift */; };
		C31E16C927A3F0CA009C2F98 /* FeedView.swift in Sources */ = {isa = PBXBuildFile; fileRef = C31E16C827A3F0CA009C2F98 /* FeedView.swift */; };
		C31E16CB27A3F0E0009C2F98 /* UploadPostView.swift in Sources */ = {isa = PBXBuildFile; fileRef = C31E16CA27A3F0E0009C2F98 /* UploadPostView.swift */; };
		C31E16CD27A3F0F5009C2F98 /* ProfileView.swift in Sources */ = {isa = PBXBuildFile; fileRef = C31E16CC27A3F0F5009C2F98 /* ProfileView.swift */; };
		C31E16CF27A3F0FE009C2F98 /* SearchView.swift in Sources */ = {isa = PBXBuildFile; fileRef = C31E16CE27A3F0FE009C2F98 /* SearchView.swift */; };
		C31E16D127A3F10B009C2F98 /* NotificationsView.swift in Sources */ = {isa = PBXBuildFile; fileRef = C31E16D027A3F10B009C2F98 /* NotificationsView.swift */; };
		C31E16D327A3F2F0009C2F98 /* FeedCellView.swift in Sources */ = {isa = PBXBuildFile; fileRef = C31E16D227A3F2F0009C2F98 /* FeedCellView.swift */; };
		C31E16D627A42617009C2F98 /* PostGridView.swift in Sources */ = {isa = PBXBuildFile; fileRef = C31E16D527A42617009C2F98 /* PostGridView.swift */; };
		C34803C227E5B5DC00823BF7 /* TextAreaView.swift in Sources */ = {isa = PBXBuildFile; fileRef = C34803C127E5B5DC00823BF7 /* TextAreaView.swift */; };
		C34803C427E5BCD000823BF7 /* ProfileHeaderView.swift in Sources */ = {isa = PBXBuildFile; fileRef = C34803C327E5BCD000823BF7 /* ProfileHeaderView.swift */; };
		C34803C627E5FFB200823BF7 /* UserStatsView.swift in Sources */ = {isa = PBXBuildFile; fileRef = C34803C527E5FFB200823BF7 /* UserStatsView.swift */; };
/* End PBXBuildFile section */

/* Begin PBXContainerItemProxy section */
		C31E167627A3AB44009C2F98 /* PBXContainerItemProxy */ = {
			isa = PBXContainerItemProxy;
			containerPortal = C31E165D27A3AB42009C2F98 /* Project object */;
			proxyType = 1;
			remoteGlobalIDString = C31E166427A3AB42009C2F98;
			remoteInfo = InstagramClone;
		};
		C31E168027A3AB44009C2F98 /* PBXContainerItemProxy */ = {
			isa = PBXContainerItemProxy;
			containerPortal = C31E165D27A3AB42009C2F98 /* Project object */;
			proxyType = 1;
			remoteGlobalIDString = C31E166427A3AB42009C2F98;
			remoteInfo = InstagramClone;
		};
/* End PBXContainerItemProxy section */

/* Begin PBXFileReference section */
		C315F5CF27A66F51005C1E61 /* SearchBarView.swift */ = {isa = PBXFileReference; lastKnownFileType = sourcecode.swift; path = SearchBarView.swift; sourceTree = "<group>"; };
		C315F5D227A6724F005C1E61 /* UIApplicationExtension.swift */ = {isa = PBXFileReference; lastKnownFileType = sourcecode.swift; path = UIApplicationExtension.swift; sourceTree = "<group>"; };
		C315F5DF27A67549005C1E61 /* UserListView.swift */ = {isa = PBXFileReference; lastKnownFileType = sourcecode.swift; path = UserListView.swift; sourceTree = "<group>"; };
		C315F5E127A67581005C1E61 /* UserCellView.swift */ = {isa = PBXFileReference; lastKnownFileType = sourcecode.swift; path = UserCellView.swift; sourceTree = "<group>"; };
		C315F5E327A67836005C1E61 /* NotificationCellView.swift */ = {isa = PBXFileReference; lastKnownFileType = sourcecode.swift; path = NotificationCellView.swift; sourceTree = "<group>"; };
		C315F5E727A68CA8005C1E61 /* ImagePicker.swift */ = {isa = PBXFileReference; lastKnownFileType = sourcecode.swift; path = ImagePicker.swift; sourceTree = "<group>"; };
		C31E166527A3AB42009C2F98 /* InstagramClone.app */ = {isa = PBXFileReference; explicitFileType = wrapper.application; includeInIndex = 0; path = InstagramClone.app; sourceTree = BUILT_PRODUCTS_DIR; };
		C31E166827A3AB42009C2F98 /* InstagramCloneApp.swift */ = {isa = PBXFileReference; lastKnownFileType = sourcecode.swift; path = InstagramCloneApp.swift; sourceTree = "<group>"; };
		C31E166A27A3AB42009C2F98 /* ContentView.swift */ = {isa = PBXFileReference; lastKnownFileType = sourcecode.swift; path = ContentView.swift; sourceTree = "<group>"; };
		C31E166C27A3AB44009C2F98 /* Assets.xcassets */ = {isa = PBXFileReference; lastKnownFileType = folder.assetcatalog; path = Assets.xcassets; sourceTree = "<group>"; };
		C31E166F27A3AB44009C2F98 /* Preview Assets.xcassets */ = {isa = PBXFileReference; lastKnownFileType = folder.assetcatalog; path = "Preview Assets.xcassets"; sourceTree = "<group>"; };
		C31E167527A3AB44009C2F98 /* InstagramCloneTests.xctest */ = {isa = PBXFileReference; explicitFileType = wrapper.cfbundle; includeInIndex = 0; path = InstagramCloneTests.xctest; sourceTree = BUILT_PRODUCTS_DIR; };
		C31E167927A3AB44009C2F98 /* InstagramCloneTests.swift */ = {isa = PBXFileReference; lastKnownFileType = sourcecode.swift; path = InstagramCloneTests.swift; sourceTree = "<group>"; };
		C31E167F27A3AB44009C2F98 /* InstagramCloneUITests.xctest */ = {isa = PBXFileReference; explicitFileType = wrapper.cfbundle; includeInIndex = 0; path = InstagramCloneUITests.xctest; sourceTree = BUILT_PRODUCTS_DIR; };
		C31E168327A3AB44009C2F98 /* InstagramCloneUITests.swift */ = {isa = PBXFileReference; lastKnownFileType = sourcecode.swift; path = InstagramCloneUITests.swift; sourceTree = "<group>"; };
		C31E168527A3AB44009C2F98 /* InstagramCloneUITestsLaunchTests.swift */ = {isa = PBXFileReference; lastKnownFileType = sourcecode.swift; path = InstagramCloneUITestsLaunchTests.swift; sourceTree = "<group>"; };
		C31E16BD27A3F028009C2F98 /* MainView.swift */ = {isa = PBXFileReference; lastKnownFileType = sourcecode.swift; path = MainView.swift; sourceTree = "<group>"; };
		C31E16C827A3F0CA009C2F98 /* FeedView.swift */ = {isa = PBXFileReference; lastKnownFileType = sourcecode.swift; path = FeedView.swift; sourceTree = "<group>"; };
		C31E16CA27A3F0E0009C2F98 /* UploadPostView.swift */ = {isa = PBXFileReference; lastKnownFileType = sourcecode.swift; path = UploadPostView.swift; sourceTree = "<group>"; };
		C31E16CC27A3F0F5009C2F98 /* ProfileView.swift */ = {isa = PBXFileReference; lastKnownFileType = sourcecode.swift; path = ProfileView.swift; sourceTree = "<group>"; };
		C31E16CE27A3F0FE009C2F98 /* SearchView.swift */ = {isa = PBXFileReference; lastKnownFileType = sourcecode.swift; path = SearchView.swift; sourceTree = "<group>"; };
		C31E16D027A3F10B009C2F98 /* NotificationsView.swift */ = {isa = PBXFileReference; lastKnownFileType = sourcecode.swift; path = NotificationsView.swift; sourceTree = "<group>"; };
		C31E16D227A3F2F0009C2F98 /* FeedCellView.swift */ = {isa = PBXFileReference; lastKnownFileType = sourcecode.swift; path = FeedCellView.swift; sourceTree = "<group>"; };
		C31E16D527A42617009C2F98 /* PostGridView.swift */ = {isa = PBXFileReference; lastKnownFileType = sourcecode.swift; path = PostGridView.swift; sourceTree = "<group>"; };
		C34803C127E5B5DC00823BF7 /* TextAreaView.swift */ = {isa = PBXFileReference; lastKnownFileType = sourcecode.swift; path = TextAreaView.swift; sourceTree = "<group>"; };
		C34803C327E5BCD000823BF7 /* ProfileHeaderView.swift */ = {isa = PBXFileReference; lastKnownFileType = sourcecode.swift; path = ProfileHeaderView.swift; sourceTree = "<group>"; };
		C34803C527E5FFB200823BF7 /* UserStatsView.swift */ = {isa = PBXFileReference; lastKnownFileType = sourcecode.swift; path = UserStatsView.swift; sourceTree = "<group>"; };
/* End PBXFileReference section */

/* Begin PBXFrameworksBuildPhase section */
		C31E166227A3AB42009C2F98 /* Frameworks */ = {
			isa = PBXFrameworksBuildPhase;
			buildActionMask = 2147483647;
			files = (
				C315F5DA27A673E1005C1E61 /* FirebaseDatabaseSwift-Beta in Frameworks */,
				C31E16BC27A3EF3D009C2F98 /* Alamofire in Frameworks */,
				C315F5D627A673E1005C1E61 /* FirebaseAuth in Frameworks */,
				C315F5D827A673E1005C1E61 /* FirebaseDatabase in Frameworks */,
				C31E16B927A3EEFD009C2F98 /* Kingfisher in Frameworks */,
				C315F5DE27A673E1005C1E61 /* FirebaseStorageSwift-Beta in Frameworks */,
				C315F5DC27A673E1005C1E61 /* FirebaseStorage in Frameworks */,
			);
			runOnlyForDeploymentPostprocessing = 0;
		};
		C31E167227A3AB44009C2F98 /* Frameworks */ = {
			isa = PBXFrameworksBuildPhase;
			buildActionMask = 2147483647;
			files = (
			);
			runOnlyForDeploymentPostprocessing = 0;
		};
		C31E167C27A3AB44009C2F98 /* Frameworks */ = {
			isa = PBXFrameworksBuildPhase;
			buildActionMask = 2147483647;
			files = (
			);
			runOnlyForDeploymentPostprocessing = 0;
		};
/* End PBXFrameworksBuildPhase section */

/* Begin PBXGroup section */
		C315F5D127A6721D005C1E61 /* Extensions */ = {
			isa = PBXGroup;
			children = (
				C315F5D227A6724F005C1E61 /* UIApplicationExtension.swift */,
			);
			path = Extensions;
			sourceTree = "<group>";
		};
		C31E165C27A3AB42009C2F98 = {
			isa = PBXGroup;
			children = (
				C31E166727A3AB42009C2F98 /* InstagramClone */,
				C31E167827A3AB44009C2F98 /* InstagramCloneTests */,
				C31E168227A3AB44009C2F98 /* InstagramCloneUITests */,
				C31E166627A3AB42009C2F98 /* Products */,
			);
			sourceTree = "<group>";
		};
		C31E166627A3AB42009C2F98 /* Products */ = {
			isa = PBXGroup;
			children = (
				C31E166527A3AB42009C2F98 /* InstagramClone.app */,
				C31E167527A3AB44009C2F98 /* InstagramCloneTests.xctest */,
				C31E167F27A3AB44009C2F98 /* InstagramCloneUITests.xctest */,
			);
			name = Products;
			sourceTree = "<group>";
		};
		C31E166727A3AB42009C2F98 /* InstagramClone */ = {
			isa = PBXGroup;
			children = (
				C315F5D127A6721D005C1E61 /* Extensions */,
				C31E16A727A3ECC5009C2F98 /* API */,
				C31E16A627A3ECBF009C2F98 /* Utils */,
				C31E16A527A3ECB0009C2F98 /* ViewModel */,
				C31E16A327A3EC9E009C2F98 /* View */,
				C31E16A227A3EC7F009C2F98 /* Model */,
				C31E16A127A3EC74009C2F98 /* App */,
				C31E166C27A3AB44009C2F98 /* Assets.xcassets */,
				C31E166E27A3AB44009C2F98 /* Preview Content */,
			);
			path = InstagramClone;
			sourceTree = "<group>";
		};
		C31E166E27A3AB44009C2F98 /* Preview Content */ = {
			isa = PBXGroup;
			children = (
				C31E166F27A3AB44009C2F98 /* Preview Assets.xcassets */,
			);
			path = "Preview Content";
			sourceTree = "<group>";
		};
		C31E167827A3AB44009C2F98 /* InstagramCloneTests */ = {
			isa = PBXGroup;
			children = (
				C31E167927A3AB44009C2F98 /* InstagramCloneTests.swift */,
			);
			path = InstagramCloneTests;
			sourceTree = "<group>";
		};
		C31E168227A3AB44009C2F98 /* InstagramCloneUITests */ = {
			isa = PBXGroup;
			children = (
				C31E168327A3AB44009C2F98 /* InstagramCloneUITests.swift */,
				C31E168527A3AB44009C2F98 /* InstagramCloneUITestsLaunchTests.swift */,
			);
			path = InstagramCloneUITests;
			sourceTree = "<group>";
		};
		C31E16A127A3EC74009C2F98 /* App */ = {
			isa = PBXGroup;
			children = (
				C31E166827A3AB42009C2F98 /* InstagramCloneApp.swift */,
				C31E166A27A3AB42009C2F98 /* ContentView.swift */,
			);
			path = App;
			sourceTree = "<group>";
		};
		C31E16A227A3EC7F009C2F98 /* Model */ = {
			isa = PBXGroup;
			children = (
			);
			path = Model;
			sourceTree = "<group>";
		};
		C31E16A327A3EC9E009C2F98 /* View */ = {
			isa = PBXGroup;
			children = (
				C31E16D427A425F0009C2F98 /* Items */,
				C31E16C727A3F0B7009C2F98 /* Notifications */,
				C31E16C627A3F0AC009C2F98 /* Search */,
				C31E16C527A3F0A6009C2F98 /* Profile */,
				C31E16C327A3F08C009C2F98 /* UploadPost */,
				C31E16C227A3F085009C2F98 /* Feed */,
				C31E16C127A3F080009C2F98 /* Main */,
			);
			path = View;
			sourceTree = "<group>";
		};
		C31E16A527A3ECB0009C2F98 /* ViewModel */ = {
			isa = PBXGroup;
			children = (
			);
			path = ViewModel;
			sourceTree = "<group>";
		};
		C31E16A627A3ECBF009C2F98 /* Utils */ = {
			isa = PBXGroup;
			children = (
				C315F5E727A68CA8005C1E61 /* ImagePicker.swift */,
			);
			path = Utils;
			sourceTree = "<group>";
		};
		C31E16A727A3ECC5009C2F98 /* API */ = {
			isa = PBXGroup;
			children = (
			);
			path = API;
			sourceTree = "<group>";
		};
		C31E16C127A3F080009C2F98 /* Main */ = {
			isa = PBXGroup;
			children = (
				C31E16BD27A3F028009C2F98 /* MainView.swift */,
			);
			path = Main;
			sourceTree = "<group>";
		};
		C31E16C227A3F085009C2F98 /* Feed */ = {
			isa = PBXGroup;
			children = (
				C31E16C827A3F0CA009C2F98 /* FeedView.swift */,
				C31E16D227A3F2F0009C2F98 /* FeedCellView.swift */,
			);
			path = Feed;
			sourceTree = "<group>";
		};
		C31E16C327A3F08C009C2F98 /* UploadPost */ = {
			isa = PBXGroup;
			children = (
				C31E16CA27A3F0E0009C2F98 /* UploadPostView.swift */,
			);
			path = UploadPost;
			sourceTree = "<group>";
		};
		C31E16C527A3F0A6009C2F98 /* Profile */ = {
			isa = PBXGroup;
			children = (
				C31E16CC27A3F0F5009C2F98 /* ProfileView.swift */,
				C34803C327E5BCD000823BF7 /* ProfileHeaderView.swift */,
				C34803C527E5FFB200823BF7 /* UserStatsView.swift */,
			);
			path = Profile;
			sourceTree = "<group>";
		};
		C31E16C627A3F0AC009C2F98 /* Search */ = {
			isa = PBXGroup;
			children = (
				C31E16CE27A3F0FE009C2F98 /* SearchView.swift */,
				C315F5CF27A66F51005C1E61 /* SearchBarView.swift */,
			);
			path = Search;
			sourceTree = "<group>";
		};
		C31E16C727A3F0B7009C2F98 /* Notifications */ = {
			isa = PBXGroup;
			children = (
				C31E16D027A3F10B009C2F98 /* NotificationsView.swift */,
				C315F5E327A67836005C1E61 /* NotificationCellView.swift */,
			);
			path = Notifications;
			sourceTree = "<group>";
		};
		C31E16D427A425F0009C2F98 /* Items */ = {
			isa = PBXGroup;
			children = (
				C31E16D527A42617009C2F98 /* PostGridView.swift */,
				C315F5DF27A67549005C1E61 /* UserListView.swift */,
				C315F5E127A67581005C1E61 /* UserCellView.swift */,
				C34803C127E5B5DC00823BF7 /* TextAreaView.swift */,
			);
			path = Items;
			sourceTree = "<group>";
		};
/* End PBXGroup section */

/* Begin PBXNativeTarget section */
		C31E166427A3AB42009C2F98 /* InstagramClone */ = {
			isa = PBXNativeTarget;
			buildConfigurationList = C31E168927A3AB44009C2F98 /* Build configuration list for PBXNativeTarget "InstagramClone" */;
			buildPhases = (
				C31E166127A3AB42009C2F98 /* Sources */,
				C31E166227A3AB42009C2F98 /* Frameworks */,
				C31E166327A3AB42009C2F98 /* Resources */,
			);
			buildRules = (
			);
			dependencies = (
			);
			name = InstagramClone;
			packageProductDependencies = (
				C31E16B827A3EEFD009C2F98 /* Kingfisher */,
				C31E16BB27A3EF3D009C2F98 /* Alamofire */,
				C315F5D527A673E1005C1E61 /* FirebaseAuth */,
				C315F5D727A673E1005C1E61 /* FirebaseDatabase */,
				C315F5D927A673E1005C1E61 /* FirebaseDatabaseSwift-Beta */,
				C315F5DB27A673E1005C1E61 /* FirebaseStorage */,
				C315F5DD27A673E1005C1E61 /* FirebaseStorageSwift-Beta */,
			);
			productName = InstagramClone;
			productReference = C31E166527A3AB42009C2F98 /* InstagramClone.app */;
			productType = "com.apple.product-type.application";
		};
		C31E167427A3AB44009C2F98 /* InstagramCloneTests */ = {
			isa = PBXNativeTarget;
			buildConfigurationList = C31E168C27A3AB44009C2F98 /* Build configuration list for PBXNativeTarget "InstagramCloneTests" */;
			buildPhases = (
				C31E167127A3AB44009C2F98 /* Sources */,
				C31E167227A3AB44009C2F98 /* Frameworks */,
				C31E167327A3AB44009C2F98 /* Resources */,
			);
			buildRules = (
			);
			dependencies = (
				C31E167727A3AB44009C2F98 /* PBXTargetDependency */,
			);
			name = InstagramCloneTests;
			productName = InstagramCloneTests;
			productReference = C31E167527A3AB44009C2F98 /* InstagramCloneTests.xctest */;
			productType = "com.apple.product-type.bundle.unit-test";
		};
		C31E167E27A3AB44009C2F98 /* InstagramCloneUITests */ = {
			isa = PBXNativeTarget;
			buildConfigurationList = C31E168F27A3AB44009C2F98 /* Build configuration list for PBXNativeTarget "InstagramCloneUITests" */;
			buildPhases = (
				C31E167B27A3AB44009C2F98 /* Sources */,
				C31E167C27A3AB44009C2F98 /* Frameworks */,
				C31E167D27A3AB44009C2F98 /* Resources */,
			);
			buildRules = (
			);
			dependencies = (
				C31E168127A3AB44009C2F98 /* PBXTargetDependency */,
			);
			name = InstagramCloneUITests;
			productName = InstagramCloneUITests;
			productReference = C31E167F27A3AB44009C2F98 /* InstagramCloneUITests.xctest */;
			productType = "com.apple.product-type.bundle.ui-testing";
		};
/* End PBXNativeTarget section */

/* Begin PBXProject section */
		C31E165D27A3AB42009C2F98 /* Project object */ = {
			isa = PBXProject;
			attributes = {
				BuildIndependentTargetsInParallel = 1;
				LastSwiftUpdateCheck = 1320;
				LastUpgradeCheck = 1320;
				TargetAttributes = {
					C31E166427A3AB42009C2F98 = {
						CreatedOnToolsVersion = 13.2.1;
					};
					C31E167427A3AB44009C2F98 = {
						CreatedOnToolsVersion = 13.2.1;
						TestTargetID = C31E166427A3AB42009C2F98;
					};
					C31E167E27A3AB44009C2F98 = {
						CreatedOnToolsVersion = 13.2.1;
						TestTargetID = C31E166427A3AB42009C2F98;
					};
				};
			};
			buildConfigurationList = C31E166027A3AB42009C2F98 /* Build configuration list for PBXProject "InstagramClone" */;
			compatibilityVersion = "Xcode 13.0";
			developmentRegion = en;
			hasScannedForEncodings = 0;
			knownRegions = (
				en,
				Base,
			);
			mainGroup = C31E165C27A3AB42009C2F98;
			packageReferences = (
				C31E16B727A3EEFD009C2F98 /* XCRemoteSwiftPackageReference "Kingfisher" */,
				C31E16BA27A3EF3D009C2F98 /* XCRemoteSwiftPackageReference "Alamofire" */,
				C315F5D427A673E1005C1E61 /* XCRemoteSwiftPackageReference "firebase-ios-sdk" */,
			);
			productRefGroup = C31E166627A3AB42009C2F98 /* Products */;
			projectDirPath = "";
			projectRoot = "";
			targets = (
				C31E166427A3AB42009C2F98 /* InstagramClone */,
				C31E167427A3AB44009C2F98 /* InstagramCloneTests */,
				C31E167E27A3AB44009C2F98 /* InstagramCloneUITests */,
			);
		};
/* End PBXProject section */

/* Begin PBXResourcesBuildPhase section */
		C31E166327A3AB42009C2F98 /* Resources */ = {
			isa = PBXResourcesBuildPhase;
			buildActionMask = 2147483647;
			files = (
				C31E167027A3AB44009C2F98 /* Preview Assets.xcassets in Resources */,
				C31E166D27A3AB44009C2F98 /* Assets.xcassets in Resources */,
			);
			runOnlyForDeploymentPostprocessing = 0;
		};
		C31E167327A3AB44009C2F98 /* Resources */ = {
			isa = PBXResourcesBuildPhase;
			buildActionMask = 2147483647;
			files = (
			);
			runOnlyForDeploymentPostprocessing = 0;
		};
		C31E167D27A3AB44009C2F98 /* Resources */ = {
			isa = PBXResourcesBuildPhase;
			buildActionMask = 2147483647;
			files = (
			);
			runOnlyForDeploymentPostprocessing = 0;
		};
/* End PBXResourcesBuildPhase section */

/* Begin PBXSourcesBuildPhase section */
		C31E166127A3AB42009C2F98 /* Sources */ = {
			isa = PBXSourcesBuildPhase;
			buildActionMask = 2147483647;
			files = (
				C31E16C927A3F0CA009C2F98 /* FeedView.swift in Sources */,
				C31E16CB27A3F0E0009C2F98 /* UploadPostView.swift in Sources */,
				C31E166B27A3AB42009C2F98 /* ContentView.swift in Sources */,
				C315F5E227A67581005C1E61 /* UserCellView.swift in Sources */,
				C31E16CF27A3F0FE009C2F98 /* SearchView.swift in Sources */,
				C315F5E427A67836005C1E61 /* NotificationCellView.swift in Sources */,
				C31E16BE27A3F028009C2F98 /* MainView.swift in Sources */,
				C315F5D327A6724F005C1E61 /* UIApplicationExtension.swift in Sources */,
				C31E16CD27A3F0F5009C2F98 /* ProfileView.swift in Sources */,
				C31E16D327A3F2F0009C2F98 /* FeedCellView.swift in Sources */,
				C315F5D027A66F51005C1E61 /* SearchBarView.swift in Sources */,
				C31E166927A3AB42009C2F98 /* InstagramCloneApp.swift in Sources */,
				C31E16D627A42617009C2F98 /* PostGridView.swift in Sources */,
				C34803C427E5BCD000823BF7 /* ProfileHeaderView.swift in Sources */,
				C315F5E827A68CA8005C1E61 /* ImagePicker.swift in Sources */,
				C31E16D127A3F10B009C2F98 /* NotificationsView.swift in Sources */,
				C34803C627E5FFB200823BF7 /* UserStatsView.swift in Sources */,
				C315F5E027A67549005C1E61 /* UserListView.swift in Sources */,
				C34803C227E5B5DC00823BF7 /* TextAreaView.swift in Sources */,
			);
			runOnlyForDeploymentPostprocessing = 0;
		};
		C31E167127A3AB44009C2F98 /* Sources */ = {
			isa = PBXSourcesBuildPhase;
			buildActionMask = 2147483647;
			files = (
				C31E167A27A3AB44009C2F98 /* InstagramCloneTests.swift in Sources */,
			);
			runOnlyForDeploymentPostprocessing = 0;
		};
		C31E167B27A3AB44009C2F98 /* Sources */ = {
			isa = PBXSourcesBuildPhase;
			buildActionMask = 2147483647;
			files = (
				C31E168427A3AB44009C2F98 /* InstagramCloneUITests.swift in Sources */,
				C31E168627A3AB44009C2F98 /* InstagramCloneUITestsLaunchTests.swift in Sources */,
			);
			runOnlyForDeploymentPostprocessing = 0;
		};
/* End PBXSourcesBuildPhase section */

/* Begin PBXTargetDependency section */
		C31E167727A3AB44009C2F98 /* PBXTargetDependency */ = {
			isa = PBXTargetDependency;
			target = C31E166427A3AB42009C2F98 /* InstagramClone */;
			targetProxy = C31E167627A3AB44009C2F98 /* PBXContainerItemProxy */;
		};
		C31E168127A3AB44009C2F98 /* PBXTargetDependency */ = {
			isa = PBXTargetDependency;
			target = C31E166427A3AB42009C2F98 /* InstagramClone */;
			targetProxy = C31E168027A3AB44009C2F98 /* PBXContainerItemProxy */;
		};
/* End PBXTargetDependency section */

/* Begin XCBuildConfiguration section */
		C31E168727A3AB44009C2F98 /* Debug */ = {
			isa = XCBuildConfiguration;
			buildSettings = {
				ALWAYS_SEARCH_USER_PATHS = NO;
				CLANG_ANALYZER_NONNULL = YES;
				CLANG_ANALYZER_NUMBER_OBJECT_CONVERSION = YES_AGGRESSIVE;
				CLANG_CXX_LANGUAGE_STANDARD = "gnu++17";
				CLANG_CXX_LIBRARY = "libc++";
				CLANG_ENABLE_MODULES = YES;
				CLANG_ENABLE_OBJC_ARC = YES;
				CLANG_ENABLE_OBJC_WEAK = YES;
				CLANG_WARN_BLOCK_CAPTURE_AUTORELEASING = YES;
				CLANG_WARN_BOOL_CONVERSION = YES;
				CLANG_WARN_COMMA = YES;
				CLANG_WARN_CONSTANT_CONVERSION = YES;
				CLANG_WARN_DEPRECATED_OBJC_IMPLEMENTATIONS = YES;
				CLANG_WARN_DIRECT_OBJC_ISA_USAGE = YES_ERROR;
				CLANG_WARN_DOCUMENTATION_COMMENTS = YES;
				CLANG_WARN_EMPTY_BODY = YES;
				CLANG_WARN_ENUM_CONVERSION = YES;
				CLANG_WARN_INFINITE_RECURSION = YES;
				CLANG_WARN_INT_CONVERSION = YES;
				CLANG_WARN_NON_LITERAL_NULL_CONVERSION = YES;
				CLANG_WARN_OBJC_IMPLICIT_RETAIN_SELF = YES;
				CLANG_WARN_OBJC_LITERAL_CONVERSION = YES;
				CLANG_WARN_OBJC_ROOT_CLASS = YES_ERROR;
				CLANG_WARN_QUOTED_INCLUDE_IN_FRAMEWORK_HEADER = YES;
				CLANG_WARN_RANGE_LOOP_ANALYSIS = YES;
				CLANG_WARN_STRICT_PROTOTYPES = YES;
				CLANG_WARN_SUSPICIOUS_MOVE = YES;
				CLANG_WARN_UNGUARDED_AVAILABILITY = YES_AGGRESSIVE;
				CLANG_WARN_UNREACHABLE_CODE = YES;
				CLANG_WARN__DUPLICATE_METHOD_MATCH = YES;
				COPY_PHASE_STRIP = NO;
				DEBUG_INFORMATION_FORMAT = dwarf;
				ENABLE_STRICT_OBJC_MSGSEND = YES;
				ENABLE_TESTABILITY = YES;
				GCC_C_LANGUAGE_STANDARD = gnu11;
				GCC_DYNAMIC_NO_PIC = NO;
				GCC_NO_COMMON_BLOCKS = YES;
				GCC_OPTIMIZATION_LEVEL = 0;
				GCC_PREPROCESSOR_DEFINITIONS = (
					"DEBUG=1",
					"$(inherited)",
				);
				GCC_WARN_64_TO_32_BIT_CONVERSION = YES;
				GCC_WARN_ABOUT_RETURN_TYPE = YES_ERROR;
				GCC_WARN_UNDECLARED_SELECTOR = YES;
				GCC_WARN_UNINITIALIZED_AUTOS = YES_AGGRESSIVE;
				GCC_WARN_UNUSED_FUNCTION = YES;
				GCC_WARN_UNUSED_VARIABLE = YES;
				IPHONEOS_DEPLOYMENT_TARGET = 15.2;
				MTL_ENABLE_DEBUG_INFO = INCLUDE_SOURCE;
				MTL_FAST_MATH = YES;
				ONLY_ACTIVE_ARCH = YES;
				SDKROOT = iphoneos;
				SWIFT_ACTIVE_COMPILATION_CONDITIONS = DEBUG;
				SWIFT_OPTIMIZATION_LEVEL = "-Onone";
			};
			name = Debug;
		};
		C31E168827A3AB44009C2F98 /* Release */ = {
			isa = XCBuildConfiguration;
			buildSettings = {
				ALWAYS_SEARCH_USER_PATHS = NO;
				CLANG_ANALYZER_NONNULL = YES;
				CLANG_ANALYZER_NUMBER_OBJECT_CONVERSION = YES_AGGRESSIVE;
				CLANG_CXX_LANGUAGE_STANDARD = "gnu++17";
				CLANG_CXX_LIBRARY = "libc++";
				CLANG_ENABLE_MODULES = YES;
				CLANG_ENABLE_OBJC_ARC = YES;
				CLANG_ENABLE_OBJC_WEAK = YES;
				CLANG_WARN_BLOCK_CAPTURE_AUTORELEASING = YES;
				CLANG_WARN_BOOL_CONVERSION = YES;
				CLANG_WARN_COMMA = YES;
				CLANG_WARN_CONSTANT_CONVERSION = YES;
				CLANG_WARN_DEPRECATED_OBJC_IMPLEMENTATIONS = YES;
				CLANG_WARN_DIRECT_OBJC_ISA_USAGE = YES_ERROR;
				CLANG_WARN_DOCUMENTATION_COMMENTS = YES;
				CLANG_WARN_EMPTY_BODY = YES;
				CLANG_WARN_ENUM_CONVERSION = YES;
				CLANG_WARN_INFINITE_RECURSION = YES;
				CLANG_WARN_INT_CONVERSION = YES;
				CLANG_WARN_NON_LITERAL_NULL_CONVERSION = YES;
				CLANG_WARN_OBJC_IMPLICIT_RETAIN_SELF = YES;
				CLANG_WARN_OBJC_LITERAL_CONVERSION = YES;
				CLANG_WARN_OBJC_ROOT_CLASS = YES_ERROR;
				CLANG_WARN_QUOTED_INCLUDE_IN_FRAMEWORK_HEADER = YES;
				CLANG_WARN_RANGE_LOOP_ANALYSIS = YES;
				CLANG_WARN_STRICT_PROTOTYPES = YES;
				CLANG_WARN_SUSPICIOUS_MOVE = YES;
				CLANG_WARN_UNGUARDED_AVAILABILITY = YES_AGGRESSIVE;
				CLANG_WARN_UNREACHABLE_CODE = YES;
				CLANG_WARN__DUPLICATE_METHOD_MATCH = YES;
				COPY_PHASE_STRIP = NO;
				DEBUG_INFORMATION_FORMAT = "dwarf-with-dsym";
				ENABLE_NS_ASSERTIONS = NO;
				ENABLE_STRICT_OBJC_MSGSEND = YES;
				GCC_C_LANGUAGE_STANDARD = gnu11;
				GCC_NO_COMMON_BLOCKS = YES;
				GCC_WARN_64_TO_32_BIT_CONVERSION = YES;
				GCC_WARN_ABOUT_RETURN_TYPE = YES_ERROR;
				GCC_WARN_UNDECLARED_SELECTOR = YES;
				GCC_WARN_UNINITIALIZED_AUTOS = YES_AGGRESSIVE;
				GCC_WARN_UNUSED_FUNCTION = YES;
				GCC_WARN_UNUSED_VARIABLE = YES;
				IPHONEOS_DEPLOYMENT_TARGET = 15.2;
				MTL_ENABLE_DEBUG_INFO = NO;
				MTL_FAST_MATH = YES;
				SDKROOT = iphoneos;
				SWIFT_COMPILATION_MODE = wholemodule;
				SWIFT_OPTIMIZATION_LEVEL = "-O";
				VALIDATE_PRODUCT = YES;
			};
			name = Release;
		};
		C31E168A27A3AB44009C2F98 /* Debug */ = {
			isa = XCBuildConfiguration;
			buildSettings = {
				ASSETCATALOG_COMPILER_APPICON_NAME = AppIcon;
				ASSETCATALOG_COMPILER_GLOBAL_ACCENT_COLOR_NAME = AccentColor;
				CODE_SIGN_STYLE = Automatic;
				CURRENT_PROJECT_VERSION = 1;
				DEVELOPMENT_ASSET_PATHS = "\"InstagramClone/Preview Content\"";
				ENABLE_PREVIEWS = YES;
				GENERATE_INFOPLIST_FILE = YES;
				INFOPLIST_KEY_UIApplicationSceneManifest_Generation = YES;
				INFOPLIST_KEY_UIApplicationSupportsIndirectInputEvents = YES;
				INFOPLIST_KEY_UILaunchScreen_Generation = YES;
				INFOPLIST_KEY_UISupportedInterfaceOrientations_iPad = "UIInterfaceOrientationPortrait UIInterfaceOrientationPortraitUpsideDown UIInterfaceOrientationLandscapeLeft UIInterfaceOrientationLandscapeRight";
				INFOPLIST_KEY_UISupportedInterfaceOrientations_iPhone = "UIInterfaceOrientationPortrait UIInterfaceOrientationLandscapeLeft UIInterfaceOrientationLandscapeRight";
				LD_RUNPATH_SEARCH_PATHS = (
					"$(inherited)",
					"@executable_path/Frameworks",
				);
				MARKETING_VERSION = 1.0;
				PRODUCT_BUNDLE_IDENTIFIER = com.scorp.InstagramClone;
				PRODUCT_NAME = "$(TARGET_NAME)";
				SWIFT_EMIT_LOC_STRINGS = YES;
				SWIFT_VERSION = 5.0;
				TARGETED_DEVICE_FAMILY = "1,2";
			};
			name = Debug;
		};
		C31E168B27A3AB44009C2F98 /* Release */ = {
			isa = XCBuildConfiguration;
			buildSettings = {
				ASSETCATALOG_COMPILER_APPICON_NAME = AppIcon;
				ASSETCATALOG_COMPILER_GLOBAL_ACCENT_COLOR_NAME = AccentColor;
				CODE_SIGN_STYLE = Automatic;
				CURRENT_PROJECT_VERSION = 1;
				DEVELOPMENT_ASSET_PATHS = "\"InstagramClone/Preview Content\"";
				ENABLE_PREVIEWS = YES;
				GENERATE_INFOPLIST_FILE = YES;
				INFOPLIST_KEY_UIApplicationSceneManifest_Generation = YES;
				INFOPLIST_KEY_UIApplicationSupportsIndirectInputEvents = YES;
				INFOPLIST_KEY_UILaunchScreen_Generation = YES;
				INFOPLIST_KEY_UISupportedInterfaceOrientations_iPad = "UIInterfaceOrientationPortrait UIInterfaceOrientationPortraitUpsideDown UIInterfaceOrientationLandscapeLeft UIInterfaceOrientationLandscapeRight";
				INFOPLIST_KEY_UISupportedInterfaceOrientations_iPhone = "UIInterfaceOrientationPortrait UIInterfaceOrientationLandscapeLeft UIInterfaceOrientationLandscapeRight";
				LD_RUNPATH_SEARCH_PATHS = (
					"$(inherited)",
					"@executable_path/Frameworks",
				);
				MARKETING_VERSION = 1.0;
				PRODUCT_BUNDLE_IDENTIFIER = com.scorp.InstagramClone;
				PRODUCT_NAME = "$(TARGET_NAME)";
				SWIFT_EMIT_LOC_STRINGS = YES;
				SWIFT_VERSION = 5.0;
				TARGETED_DEVICE_FAMILY = "1,2";
			};
			name = Release;
		};
		C31E168D27A3AB44009C2F98 /* Debug */ = {
			isa = XCBuildConfiguration;
			buildSettings = {
				ALWAYS_EMBED_SWIFT_STANDARD_LIBRARIES = YES;
				BUNDLE_LOADER = "$(TEST_HOST)";
				CODE_SIGN_STYLE = Automatic;
				CURRENT_PROJECT_VERSION = 1;
				GENERATE_INFOPLIST_FILE = YES;
				IPHONEOS_DEPLOYMENT_TARGET = 15.2;
				MARKETING_VERSION = 1.0;
				PRODUCT_BUNDLE_IDENTIFIER = com.scorp.InstagramCloneTests;
				PRODUCT_NAME = "$(TARGET_NAME)";
				SWIFT_EMIT_LOC_STRINGS = NO;
				SWIFT_VERSION = 5.0;
				TARGETED_DEVICE_FAMILY = "1,2";
				TEST_HOST = "$(BUILT_PRODUCTS_DIR)/InstagramClone.app/InstagramClone";
			};
			name = Debug;
		};
		C31E168E27A3AB44009C2F98 /* Release */ = {
			isa = XCBuildConfiguration;
			buildSettings = {
				ALWAYS_EMBED_SWIFT_STANDARD_LIBRARIES = YES;
				BUNDLE_LOADER = "$(TEST_HOST)";
				CODE_SIGN_STYLE = Automatic;
				CURRENT_PROJECT_VERSION = 1;
				GENERATE_INFOPLIST_FILE = YES;
				IPHONEOS_DEPLOYMENT_TARGET = 15.2;
				MARKETING_VERSION = 1.0;
				PRODUCT_BUNDLE_IDENTIFIER = com.scorp.InstagramCloneTests;
				PRODUCT_NAME = "$(TARGET_NAME)";
				SWIFT_EMIT_LOC_STRINGS = NO;
				SWIFT_VERSION = 5.0;
				TARGETED_DEVICE_FAMILY = "1,2";
				TEST_HOST = "$(BUILT_PRODUCTS_DIR)/InstagramClone.app/InstagramClone";
			};
			name = Release;
		};
		C31E169027A3AB44009C2F98 /* Debug */ = {
			isa = XCBuildConfiguration;
			buildSettings = {
				ALWAYS_EMBED_SWIFT_STANDARD_LIBRARIES = YES;
				CODE_SIGN_STYLE = Automatic;
				CURRENT_PROJECT_VERSION = 1;
				GENERATE_INFOPLIST_FILE = YES;
				MARKETING_VERSION = 1.0;
				PRODUCT_BUNDLE_IDENTIFIER = com.scorp.InstagramCloneUITests;
				PRODUCT_NAME = "$(TARGET_NAME)";
				SWIFT_EMIT_LOC_STRINGS = NO;
				SWIFT_VERSION = 5.0;
				TARGETED_DEVICE_FAMILY = "1,2";
				TEST_TARGET_NAME = InstagramClone;
			};
			name = Debug;
		};
		C31E169127A3AB44009C2F98 /* Release */ = {
			isa = XCBuildConfiguration;
			buildSettings = {
				ALWAYS_EMBED_SWIFT_STANDARD_LIBRARIES = YES;
				CODE_SIGN_STYLE = Automatic;
				CURRENT_PROJECT_VERSION = 1;
				GENERATE_INFOPLIST_FILE = YES;
				MARKETING_VERSION = 1.0;
				PRODUCT_BUNDLE_IDENTIFIER = com.scorp.InstagramCloneUITests;
				PRODUCT_NAME = "$(TARGET_NAME)";
				SWIFT_EMIT_LOC_STRINGS = NO;
				SWIFT_VERSION = 5.0;
				TARGETED_DEVICE_FAMILY = "1,2";
				TEST_TARGET_NAME = InstagramClone;
			};
			name = Release;
		};
/* End XCBuildConfiguration section */

/* Begin XCConfigurationList section */
		C31E166027A3AB42009C2F98 /* Build configuration list for PBXProject "InstagramClone" */ = {
			isa = XCConfigurationList;
			buildConfigurations = (
				C31E168727A3AB44009C2F98 /* Debug */,
				C31E168827A3AB44009C2F98 /* Release */,
			);
			defaultConfigurationIsVisible = 0;
			defaultConfigurationName = Release;
		};
		C31E168927A3AB44009C2F98 /* Build configuration list for PBXNativeTarget "InstagramClone" */ = {
			isa = XCConfigurationList;
			buildConfigurations = (
				C31E168A27A3AB44009C2F98 /* Debug */,
				C31E168B27A3AB44009C2F98 /* Release */,
			);
			defaultConfigurationIsVisible = 0;
			defaultConfigurationName = Release;
		};
		C31E168C27A3AB44009C2F98 /* Build configuration list for PBXNativeTarget "InstagramCloneTests" */ = {
			isa = XCConfigurationList;
			buildConfigurations = (
				C31E168D27A3AB44009C2F98 /* Debug */,
				C31E168E27A3AB44009C2F98 /* Release */,
			);
			defaultConfigurationIsVisible = 0;
			defaultConfigurationName = Release;
		};
		C31E168F27A3AB44009C2F98 /* Build configuration list for PBXNativeTarget "InstagramCloneUITests" */ = {
			isa = XCConfigurationList;
			buildConfigurations = (
				C31E169027A3AB44009C2F98 /* Debug */,
				C31E169127A3AB44009C2F98 /* Release */,
			);
			defaultConfigurationIsVisible = 0;
			defaultConfigurationName = Release;
		};
/* End XCConfigurationList section */

/* Begin XCRemoteSwiftPackageReference section */
		C315F5D427A673E1005C1E61 /* XCRemoteSwiftPackageReference "firebase-ios-sdk" */ = {
			isa = XCRemoteSwiftPackageReference;
			repositoryURL = "https://github.com/firebase/firebase-ios-sdk.git";
			requirement = {
				kind = upToNextMajorVersion;
				minimumVersion = 8.0.0;
			};
		};
		C31E16B727A3EEFD009C2F98 /* XCRemoteSwiftPackageReference "Kingfisher" */ = {
			isa = XCRemoteSwiftPackageReference;
			repositoryURL = "https://github.com/onevcat/Kingfisher.git";
			requirement = {
				kind = upToNextMajorVersion;
				minimumVersion = 7.0.0;
			};
		};
		C31E16BA27A3EF3D009C2F98 /* XCRemoteSwiftPackageReference "Alamofire" */ = {
			isa = XCRemoteSwiftPackageReference;
			repositoryURL = "https://github.com/Alamofire/Alamofire.git";
			requirement = {
				kind = upToNextMajorVersion;
				minimumVersion = 5.0.0;
			};
		};
/* End XCRemoteSwiftPackageReference section */

/* Begin XCSwiftPackageProductDependency section */
		C315F5D527A673E1005C1E61 /* FirebaseAuth */ = {
			isa = XCSwiftPackageProductDependency;
			package = C315F5D427A673E1005C1E61 /* XCRemoteSwiftPackageReference "firebase-ios-sdk" */;
			productName = FirebaseAuth;
		};
		C315F5D727A673E1005C1E61 /* FirebaseDatabase */ = {
			isa = XCSwiftPackageProductDependency;
			package = C315F5D427A673E1005C1E61 /* XCRemoteSwiftPackageReference "firebase-ios-sdk" */;
			productName = FirebaseDatabase;
		};
		C315F5D927A673E1005C1E61 /* FirebaseDatabaseSwift-Beta */ = {
			isa = XCSwiftPackageProductDependency;
			package = C315F5D427A673E1005C1E61 /* XCRemoteSwiftPackageReference "firebase-ios-sdk" */;
			productName = "FirebaseDatabaseSwift-Beta";
		};
		C315F5DB27A673E1005C1E61 /* FirebaseStorage */ = {
			isa = XCSwiftPackageProductDependency;
			package = C315F5D427A673E1005C1E61 /* XCRemoteSwiftPackageReference "firebase-ios-sdk" */;
			productName = FirebaseStorage;
		};
		C315F5DD27A673E1005C1E61 /* FirebaseStorageSwift-Beta */ = {
			isa = XCSwiftPackageProductDependency;
			package = C315F5D427A673E1005C1E61 /* XCRemoteSwiftPackageReference "firebase-ios-sdk" */;
			productName = "FirebaseStorageSwift-Beta";
		};
		C31E16B827A3EEFD009C2F98 /* Kingfisher */ = {
			isa = XCSwiftPackageProductDependency;
			package = C31E16B727A3EEFD009C2F98 /* XCRemoteSwiftPackageReference "Kingfisher" */;
			productName = Kingfisher;
		};
		C31E16BB27A3EF3D009C2F98 /* Alamofire */ = {
			isa = XCSwiftPackageProductDependency;
			package = C31E16BA27A3EF3D009C2F98 /* XCRemoteSwiftPackageReference "Alamofire" */;
			productName = Alamofire;
		};
/* End XCSwiftPackageProductDependency section */
	};
	rootObject = C31E165D27A3AB42009C2F98 /* Project object */;
}
